PODS:
  - CocoaLumberjack (1.9.2):
    - CocoaLumberjack/Extensions (= 1.9.2)
  - CocoaLumberjack/Core (1.9.2)
  - CocoaLumberjack/Extensions (1.9.2):
    - CocoaLumberjack/Core
  - DBPrivacyHelper (0.6.3)

DEPENDENCIES:
  - CocoaLumberjack
  - DBPrivacyHelper (= 0.6.3)

SPEC CHECKSUMS:
  CocoaLumberjack: 628fca2e88ef06f7cf6817309aa405f325d9a6fa
  DBPrivacyHelper: c1e033776454dd3e16e8dcedf2e92d4d0a5e56df

COCOAPODS: 0.38.2
