PODS:
  - CocoaLumberjack (2.2.0):
    - CocoaLumberjack/Default (= 2.2.0)
    - CocoaLumberjack/Extensions (= 2.2.0)
  - CocoaLumberjack/Core (2.2.0)
  - CocoaLumberjack/Default (2.2.0):
    - CocoaLumberjack/Core
  - CocoaLumberjack/Extensions (2.2.0):
    - CocoaLumberjack/Default
  - DBPrivacyHelper (0.6.3)

DEPENDENCIES:
  - CocoaLumberjack
  - DBPrivacyHelper (= 0.6.3)

SPEC CHECKSUMS:
  CocoaLumberjack: 17fe8581f84914d5d7e6360f7c70022b173c3ae0
  DBPrivacyHelper: c1e033776454dd3e16e8dcedf2e92d4d0a5e56df

PODFILE CHECKSUM: a631a04bdb8fd8503a7de1c2ee1b33c5b53ad33b

COCOAPODS: 1.0.1
