// !$*UTF8*$!
{
	archiveVersion = 1;
	classes = {
	};
	objectVersion = 46;
	objects = {

/* Begin PBXBuildFile section */
		36C52B5B3A6749FD89CE8B7E /* libPods.a in Frameworks */ = {isa = PBXBuildFile; fileRef = 9ABA7EE80F404007895117EC /* libPods.a */; };
		42115D561A2DE0260021E795 /* JLCameraPermission.m in Sources */ = {isa = PBXBuildFile; fileRef = 42115D551A2DE0260021E795 /* JLCameraPermission.m */; };
		428A42471A087060003176D2 /* JLCalendarPermission.m in Sources */ = {isa = PBXBuildFile; fileRef = 428A42461A087060003176D2 /* JLCalendarPermission.m */; };
		428A424A1A087339003176D2 /* JLFacebookPermission.m in Sources */ = {isa = PBXBuildFile; fileRef = 428A42491A087339003176D2 /* JLFacebookPermission.m */; };
		428A424D1A087346003176D2 /* JLHealthPermission.m in Sources */ = {isa = PBXBuildFile; fileRef = 428A424C1A087346003176D2 /* JLHealthPermission.m */; };
		428A42501A087368003176D2 /* JLLocationPermission.m in Sources */ = {isa = PBXBuildFile; fileRef = 428A424F1A087368003176D2 /* JLLocationPermission.m */; };
		428A42531A087379003176D2 /* JLMicrophonePermission.m in Sources */ = {isa = PBXBuildFile; fileRef = 428A42521A087379003176D2 /* JLMicrophonePermission.m */; };
		428A42561A087387003176D2 /* JLNotificationPermission.m in Sources */ = {isa = PBXBuildFile; fileRef = 428A42551A087387003176D2 /* JLNotificationPermission.m */; };
		428A42591A08739B003176D2 /* JLRemindersPermission.m in Sources */ = {isa = PBXBuildFile; fileRef = 428A42581A08739B003176D2 /* JLRemindersPermission.m */; };
		428A425C1A0873AE003176D2 /* JLTwitterPermission.m in Sources */ = {isa = PBXBuildFile; fileRef = 428A425B1A0873AE003176D2 /* JLTwitterPermission.m */; };
		429EAC8F1902C2AD0011B7F7 /* Foundation.framework in Frameworks */ = {isa = PBXBuildFile; fileRef = 429EAC8E1902C2AD0011B7F7 /* Foundation.framework */; };
		429EAC911902C2AD0011B7F7 /* CoreGraphics.framework in Frameworks */ = {isa = PBXBuildFile; fileRef = 429EAC901902C2AD0011B7F7 /* CoreGraphics.framework */; };
		429EAC931902C2AD0011B7F7 /* UIKit.framework in Frameworks */ = {isa = PBXBuildFile; fileRef = 429EAC921902C2AD0011B7F7 /* UIKit.framework */; };
		429EAC991902C2AD0011B7F7 /* InfoPlist.strings in Resources */ = {isa = PBXBuildFile; fileRef = 429EAC971902C2AD0011B7F7 /* InfoPlist.strings */; };
		429EAC9B1902C2AD0011B7F7 /* main.m in Sources */ = {isa = PBXBuildFile; fileRef = 429EAC9A1902C2AD0011B7F7 /* main.m */; };
		429EAC9F1902C2AD0011B7F7 /* JLAppDelegate.m in Sources */ = {isa = PBXBuildFile; fileRef = 429EAC9E1902C2AD0011B7F7 /* JLAppDelegate.m */; };
		429EACA21902C2AD0011B7F7 /* Main.storyboard in Resources */ = {isa = PBXBuildFile; fileRef = 429EACA01902C2AD0011B7F7 /* Main.storyboard */; };
		429EACA51902C2AD0011B7F7 /* JLViewController.m in Sources */ = {isa = PBXBuildFile; fileRef = 429EACA41902C2AD0011B7F7 /* JLViewController.m */; };
		429EACA71902C2AD0011B7F7 /* Images.xcassets in Resources */ = {isa = PBXBuildFile; fileRef = 429EACA61902C2AD0011B7F7 /* Images.xcassets */; };
		42A094341A07ADA000A89C04 /* JLPermissionsCore.m in Sources */ = {isa = PBXBuildFile; fileRef = 42A094331A07ADA000A89C04 /* JLPermissionsCore.m */; };
		42A094371A07B61800A89C04 /* JLContactsPermission.m in Sources */ = {isa = PBXBuildFile; fileRef = 42A094361A07B61800A89C04 /* JLContactsPermission.m */; };
		42A0943A1A07C09000A89C04 /* JLPhotosPermission.m in Sources */ = {isa = PBXBuildFile; fileRef = 42A094391A07C09000A89C04 /* JLPhotosPermission.m */; };
		6DC8D5021BD28F6F0044FCC3 /* LaunchScreen.xib in Resources */ = {isa = PBXBuildFile; fileRef = 6DC8D5011BD28F6F0044FCC3 /* LaunchScreen.xib */; };
/* End PBXBuildFile section */

/* Begin PBXFileReference section */
		419A2285821FA23AEB1E58D4 /* Pods.release.xcconfig */ = {isa = PBXFileReference; includeInIndex = 1; lastKnownFileType = text.xcconfig; name = Pods.release.xcconfig; path = "Pods/Target Support Files/Pods/Pods.release.xcconfig"; sourceTree = "<group>"; };
		42115D541A2DE0260021E795 /* JLCameraPermission.h */ = {isa = PBXFileReference; fileEncoding = 4; lastKnownFileType = sourcecode.c.h; name = JLCameraPermission.h; path = JLPermissions/JLCameraPermission.h; sourceTree = SOURCE_ROOT; };
		42115D551A2DE0260021E795 /* JLCameraPermission.m */ = {isa = PBXFileReference; fileEncoding = 4; lastKnownFileType = sourcecode.c.objc; name = JLCameraPermission.m; path = JLPermissions/JLCameraPermission.m; sourceTree = SOURCE_ROOT; };
		428A42441A086F51003176D2 /* JLPermissionsCore+Internal.h */ = {isa = PBXFileReference; lastKnownFileType = sourcecode.c.h; name = "JLPermissionsCore+Internal.h"; path = "JLPermissions/JLPermissionsCore+Internal.h"; sourceTree = SOURCE_ROOT; };
		428A42451A087060003176D2 /* JLCalendarPermission.h */ = {isa = PBXFileReference; fileEncoding = 4; lastKnownFileType = sourcecode.c.h; name = JLCalendarPermission.h; path = JLPermissions/JLCalendarPermission.h; sourceTree = SOURCE_ROOT; };
		428A42461A087060003176D2 /* JLCalendarPermission.m */ = {isa = PBXFileReference; fileEncoding = 4; lastKnownFileType = sourcecode.c.objc; name = JLCalendarPermission.m; path = JLPermissions/JLCalendarPermission.m; sourceTree = SOURCE_ROOT; };
		428A42481A087339003176D2 /* JLFacebookPermission.h */ = {isa = PBXFileReference; fileEncoding = 4; lastKnownFileType = sourcecode.c.h; name = JLFacebookPermission.h; path = JLPermissions/JLFacebookPermission.h; sourceTree = SOURCE_ROOT; };
		428A42491A087339003176D2 /* JLFacebookPermission.m */ = {isa = PBXFileReference; fileEncoding = 4; lastKnownFileType = sourcecode.c.objc; name = JLFacebookPermission.m; path = JLPermissions/JLFacebookPermission.m; sourceTree = SOURCE_ROOT; };
		428A424B1A087346003176D2 /* JLHealthPermission.h */ = {isa = PBXFileReference; fileEncoding = 4; lastKnownFileType = sourcecode.c.h; name = JLHealthPermission.h; path = JLPermissions/JLHealthPermission.h; sourceTree = SOURCE_ROOT; };
		428A424C1A087346003176D2 /* JLHealthPermission.m */ = {isa = PBXFileReference; fileEncoding = 4; lastKnownFileType = sourcecode.c.objc; name = JLHealthPermission.m; path = JLPermissions/JLHealthPermission.m; sourceTree = SOURCE_ROOT; };
		428A424E1A087368003176D2 /* JLLocationPermission.h */ = {isa = PBXFileReference; fileEncoding = 4; lastKnownFileType = sourcecode.c.h; name = JLLocationPermission.h; path = JLPermissions/JLLocationPermission.h; sourceTree = SOURCE_ROOT; };
		428A424F1A087368003176D2 /* JLLocationPermission.m */ = {isa = PBXFileReference; fileEncoding = 4; lastKnownFileType = sourcecode.c.objc; name = JLLocationPermission.m; path = JLPermissions/JLLocationPermission.m; sourceTree = SOURCE_ROOT; };
		428A42511A087379003176D2 /* JLMicrophonePermission.h */ = {isa = PBXFileReference; fileEncoding = 4; lastKnownFileType = sourcecode.c.h; name = JLMicrophonePermission.h; path = JLPermissions/JLMicrophonePermission.h; sourceTree = SOURCE_ROOT; };
		428A42521A087379003176D2 /* JLMicrophonePermission.m */ = {isa = PBXFileReference; fileEncoding = 4; lastKnownFileType = sourcecode.c.objc; name = JLMicrophonePermission.m; path = JLPermissions/JLMicrophonePermission.m; sourceTree = SOURCE_ROOT; };
		428A42541A087387003176D2 /* JLNotificationPermission.h */ = {isa = PBXFileReference; fileEncoding = 4; lastKnownFileType = sourcecode.c.h; name = JLNotificationPermission.h; path = JLPermissions/JLNotificationPermission.h; sourceTree = SOURCE_ROOT; };
		428A42551A087387003176D2 /* JLNotificationPermission.m */ = {isa = PBXFileReference; fileEncoding = 4; lastKnownFileType = sourcecode.c.objc; name = JLNotificationPermission.m; path = JLPermissions/JLNotificationPermission.m; sourceTree = SOURCE_ROOT; };
		428A42571A08739B003176D2 /* JLRemindersPermission.h */ = {isa = PBXFileReference; fileEncoding = 4; lastKnownFileType = sourcecode.c.h; name = JLRemindersPermission.h; path = JLPermissions/JLRemindersPermission.h; sourceTree = SOURCE_ROOT; };
		428A42581A08739B003176D2 /* JLRemindersPermission.m */ = {isa = PBXFileReference; fileEncoding = 4; lastKnownFileType = sourcecode.c.objc; name = JLRemindersPermission.m; path = JLPermissions/JLRemindersPermission.m; sourceTree = SOURCE_ROOT; };
		428A425A1A0873AE003176D2 /* JLTwitterPermission.h */ = {isa = PBXFileReference; fileEncoding = 4; lastKnownFileType = sourcecode.c.h; name = JLTwitterPermission.h; path = JLPermissions/JLTwitterPermission.h; sourceTree = SOURCE_ROOT; };
		428A425B1A0873AE003176D2 /* JLTwitterPermission.m */ = {isa = PBXFileReference; fileEncoding = 4; lastKnownFileType = sourcecode.c.objc; name = JLTwitterPermission.m; path = JLPermissions/JLTwitterPermission.m; sourceTree = SOURCE_ROOT; };
		429EAC8B1902C2AD0011B7F7 /* JLPermissionsExample.app */ = {isa = PBXFileReference; explicitFileType = wrapper.application; includeInIndex = 0; path = JLPermissionsExample.app; sourceTree = BUILT_PRODUCTS_DIR; };
		429EAC8E1902C2AD0011B7F7 /* Foundation.framework */ = {isa = PBXFileReference; lastKnownFileType = wrapper.framework; name = Foundation.framework; path = System/Library/Frameworks/Foundation.framework; sourceTree = SDKROOT; };
		429EAC901902C2AD0011B7F7 /* CoreGraphics.framework */ = {isa = PBXFileReference; lastKnownFileType = wrapper.framework; name = CoreGraphics.framework; path = System/Library/Frameworks/CoreGraphics.framework; sourceTree = SDKROOT; };
		429EAC921902C2AD0011B7F7 /* UIKit.framework */ = {isa = PBXFileReference; lastKnownFileType = wrapper.framework; name = UIKit.framework; path = System/Library/Frameworks/UIKit.framework; sourceTree = SDKROOT; };
		429EAC961902C2AD0011B7F7 /* JLPermissionsExample-Info.plist */ = {isa = PBXFileReference; lastKnownFileType = text.plist.xml; path = "JLPermissionsExample-Info.plist"; sourceTree = "<group>"; };
		429EAC981902C2AD0011B7F7 /* en */ = {isa = PBXFileReference; lastKnownFileType = text.plist.strings; name = en; path = en.lproj/InfoPlist.strings; sourceTree = "<group>"; };
		429EAC9A1902C2AD0011B7F7 /* main.m */ = {isa = PBXFileReference; lastKnownFileType = sourcecode.c.objc; path = main.m; sourceTree = "<group>"; };
		429EAC9C1902C2AD0011B7F7 /* JLPermissionsExample-Prefix.pch */ = {isa = PBXFileReference; lastKnownFileType = sourcecode.c.h; path = "JLPermissionsExample-Prefix.pch"; sourceTree = "<group>"; };
		429EAC9D1902C2AD0011B7F7 /* JLAppDelegate.h */ = {isa = PBXFileReference; lastKnownFileType = sourcecode.c.h; path = JLAppDelegate.h; sourceTree = "<group>"; };
		429EAC9E1902C2AD0011B7F7 /* JLAppDelegate.m */ = {isa = PBXFileReference; lastKnownFileType = sourcecode.c.objc; path = JLAppDelegate.m; sourceTree = "<group>"; };
		429EACA11902C2AD0011B7F7 /* Base */ = {isa = PBXFileReference; lastKnownFileType = file.storyboard; name = Base; path = Base.lproj/Main.storyboard; sourceTree = "<group>"; };
		429EACA31902C2AD0011B7F7 /* JLViewController.h */ = {isa = PBXFileReference; lastKnownFileType = sourcecode.c.h; path = JLViewController.h; sourceTree = "<group>"; };
		429EACA41902C2AD0011B7F7 /* JLViewController.m */ = {isa = PBXFileReference; lastKnownFileType = sourcecode.c.objc; path = JLViewController.m; sourceTree = "<group>"; };
		429EACA61902C2AD0011B7F7 /* Images.xcassets */ = {isa = PBXFileReference; lastKnownFileType = folder.assetcatalog; path = Images.xcassets; sourceTree = "<group>"; };
		429EACAD1902C2AD0011B7F7 /* XCTest.framework */ = {isa = PBXFileReference; lastKnownFileType = wrapper.framework; name = XCTest.framework; path = Library/Frameworks/XCTest.framework; sourceTree = DEVELOPER_DIR; };
		42A094321A07ADA000A89C04 /* JLPermissionsCore.h */ = {isa = PBXFileReference; fileEncoding = 4; lastKnownFileType = sourcecode.c.h; name = JLPermissionsCore.h; path = JLPermissions/JLPermissionsCore.h; sourceTree = SOURCE_ROOT; };
		42A094331A07ADA000A89C04 /* JLPermissionsCore.m */ = {isa = PBXFileReference; fileEncoding = 4; lastKnownFileType = sourcecode.c.objc; name = JLPermissionsCore.m; path = JLPermissions/JLPermissionsCore.m; sourceTree = SOURCE_ROOT; };
		42A094351A07B61800A89C04 /* JLContactsPermission.h */ = {isa = PBXFileReference; fileEncoding = 4; lastKnownFileType = sourcecode.c.h; name = JLContactsPermission.h; path = JLPermissions/JLContactsPermission.h; sourceTree = SOURCE_ROOT; };
		42A094361A07B61800A89C04 /* JLContactsPermission.m */ = {isa = PBXFileReference; fileEncoding = 4; lastKnownFileType = sourcecode.c.objc; name = JLContactsPermission.m; path = JLPermissions/JLContactsPermission.m; sourceTree = SOURCE_ROOT; };
		42A094381A07C09000A89C04 /* JLPhotosPermission.h */ = {isa = PBXFileReference; fileEncoding = 4; lastKnownFileType = sourcecode.c.h; name = JLPhotosPermission.h; path = JLPermissions/JLPhotosPermission.h; sourceTree = SOURCE_ROOT; };
		42A094391A07C09000A89C04 /* JLPhotosPermission.m */ = {isa = PBXFileReference; fileEncoding = 4; lastKnownFileType = sourcecode.c.objc; name = JLPhotosPermission.m; path = JLPermissions/JLPhotosPermission.m; sourceTree = SOURCE_ROOT; };
		6DC8D5011BD28F6F0044FCC3 /* LaunchScreen.xib */ = {isa = PBXFileReference; fileEncoding = 4; lastKnownFileType = file.xib; path = LaunchScreen.xib; sourceTree = "<group>"; };
		9ABA7EE80F404007895117EC /* libPods.a */ = {isa = PBXFileReference; explicitFileType = archive.ar; includeInIndex = 0; path = libPods.a; sourceTree = BUILT_PRODUCTS_DIR; };
		F885F455CCBEBA3AA6B06E0F /* Pods.debug.xcconfig */ = {isa = PBXFileReference; includeInIndex = 1; lastKnownFileType = text.xcconfig; name = Pods.debug.xcconfig; path = "Pods/Target Support Files/Pods/Pods.debug.xcconfig"; sourceTree = "<group>"; };
/* End PBXFileReference section */

/* Begin PBXFrameworksBuildPhase section */
		429EAC881902C2AD0011B7F7 /* Frameworks */ = {
			isa = PBXFrameworksBuildPhase;
			buildActionMask = 2147483647;
			files = (
				429EAC911902C2AD0011B7F7 /* CoreGraphics.framework in Frameworks */,
				429EAC931902C2AD0011B7F7 /* UIKit.framework in Frameworks */,
				429EAC8F1902C2AD0011B7F7 /* Foundation.framework in Frameworks */,
				36C52B5B3A6749FD89CE8B7E /* libPods.a in Frameworks */,
			);
			runOnlyForDeploymentPostprocessing = 0;
		};
/* End PBXFrameworksBuildPhase section */

/* Begin PBXGroup section */
		429EAC821902C2AD0011B7F7 = {
			isa = PBXGroup;
			children = (
				429EAC941902C2AD0011B7F7 /* JLPermissionsExample */,
				429EAC8D1902C2AD0011B7F7 /* Frameworks */,
				429EAC8C1902C2AD0011B7F7 /* Products */,
				8DDECBDFF0BBD52AF261BC99 /* Pods */,
			);
			sourceTree = "<group>";
		};
		429EAC8C1902C2AD0011B7F7 /* Products */ = {
			isa = PBXGroup;
			children = (
				429EAC8B1902C2AD0011B7F7 /* JLPermissionsExample.app */,
			);
			name = Products;
			sourceTree = "<group>";
		};
		429EAC8D1902C2AD0011B7F7 /* Frameworks */ = {
			isa = PBXGroup;
			children = (
				429EAC8E1902C2AD0011B7F7 /* Foundation.framework */,
				429EAC901902C2AD0011B7F7 /* CoreGraphics.framework */,
				429EAC921902C2AD0011B7F7 /* UIKit.framework */,
				429EACAD1902C2AD0011B7F7 /* XCTest.framework */,
				9ABA7EE80F404007895117EC /* libPods.a */,
			);
			name = Frameworks;
			sourceTree = "<group>";
		};
		429EAC941902C2AD0011B7F7 /* JLPermissionsExample */ = {
			isa = PBXGroup;
			children = (
				429EACA01902C2AD0011B7F7 /* Main.storyboard */,
				429EAC9D1902C2AD0011B7F7 /* JLAppDelegate.h */,
				429EAC9E1902C2AD0011B7F7 /* JLAppDelegate.m */,
				429EACA31902C2AD0011B7F7 /* JLViewController.h */,
				429EACA41902C2AD0011B7F7 /* JLViewController.m */,
				429EACC61902C4640011B7F7 /* JLPermissions */,
				429EACA61902C2AD0011B7F7 /* Images.xcassets */,
				429EAC951902C2AD0011B7F7 /* Supporting Files */,
				6DC8D5011BD28F6F0044FCC3 /* LaunchScreen.xib */,
			);
			path = JLPermissionsExample;
			sourceTree = "<group>";
		};
		429EAC951902C2AD0011B7F7 /* Supporting Files */ = {
			isa = PBXGroup;
			children = (
				429EAC961902C2AD0011B7F7 /* JLPermissionsExample-Info.plist */,
				429EAC971902C2AD0011B7F7 /* InfoPlist.strings */,
				429EAC9A1902C2AD0011B7F7 /* main.m */,
				429EAC9C1902C2AD0011B7F7 /* JLPermissionsExample-Prefix.pch */,
			);
			name = "Supporting Files";
			sourceTree = "<group>";
		};
		429EACC61902C4640011B7F7 /* JLPermissions */ = {
			isa = PBXGroup;
			children = (
				42A094321A07ADA000A89C04 /* JLPermissionsCore.h */,
				428A42441A086F51003176D2 /* JLPermissionsCore+Internal.h */,
				42A094331A07ADA000A89C04 /* JLPermissionsCore.m */,
				428A42451A087060003176D2 /* JLCalendarPermission.h */,
				428A42461A087060003176D2 /* JLCalendarPermission.m */,
				42115D541A2DE0260021E795 /* JLCameraPermission.h */,
				42115D551A2DE0260021E795 /* JLCameraPermission.m */,
				42A094351A07B61800A89C04 /* JLContactsPermission.h */,
				42A094361A07B61800A89C04 /* JLContactsPermission.m */,
				428A42481A087339003176D2 /* JLFacebookPermission.h */,
				428A42491A087339003176D2 /* JLFacebookPermission.m */,
				428A424B1A087346003176D2 /* JLHealthPermission.h */,
				428A424C1A087346003176D2 /* JLHealthPermission.m */,
				428A424E1A087368003176D2 /* JLLocationPermission.h */,
				428A424F1A087368003176D2 /* JLLocationPermission.m */,
				428A42511A087379003176D2 /* JLMicrophonePermission.h */,
				428A42521A087379003176D2 /* JLMicrophonePermission.m */,
				428A42541A087387003176D2 /* JLNotificationPermission.h */,
				428A42551A087387003176D2 /* JLNotificationPermission.m */,
				42A094381A07C09000A89C04 /* JLPhotosPermission.h */,
				42A094391A07C09000A89C04 /* JLPhotosPermission.m */,
				428A42571A08739B003176D2 /* JLRemindersPermission.h */,
				428A42581A08739B003176D2 /* JLRemindersPermission.m */,
				428A425A1A0873AE003176D2 /* JLTwitterPermission.h */,
				428A425B1A0873AE003176D2 /* JLTwitterPermission.m */,
			);
			name = JLPermissions;
			sourceTree = "<group>";
		};
		8DDECBDFF0BBD52AF261BC99 /* Pods */ = {
			isa = PBXGroup;
			children = (
				F885F455CCBEBA3AA6B06E0F /* Pods.debug.xcconfig */,
				419A2285821FA23AEB1E58D4 /* Pods.release.xcconfig */,
			);
			name = Pods;
			sourceTree = "<group>";
		};
/* End PBXGroup section */

/* Begin PBXNativeTarget section */
		429EAC8A1902C2AD0011B7F7 /* JLPermissionsExample */ = {
			isa = PBXNativeTarget;
			buildConfigurationList = 429EACBD1902C2AD0011B7F7 /* Build configuration list for PBXNativeTarget "JLPermissionsExample" */;
			buildPhases = (
				2901774EFB4C4CE5904360FB /* Check Pods Manifest.lock */,
				429EAC871902C2AD0011B7F7 /* Sources */,
				429EAC881902C2AD0011B7F7 /* Frameworks */,
				429EAC891902C2AD0011B7F7 /* Resources */,
				2DB5871560E1414391AA331C /* Copy Pods Resources */,
				98EBCD27384B0FBDC4932047 /* Embed Pods Frameworks */,
			);
			buildRules = (
			);
			dependencies = (
			);
			name = JLPermissionsExample;
			productName = JLPermissionsExample;
			productReference = 429EAC8B1902C2AD0011B7F7 /* JLPermissionsExample.app */;
			productType = "com.apple.product-type.application";
		};
/* End PBXNativeTarget section */

/* Begin PBXProject section */
		429EAC831902C2AD0011B7F7 /* Project object */ = {
			isa = PBXProject;
			attributes = {
				CLASSPREFIX = JL;
				LastUpgradeCheck = 0700;
				ORGANIZATIONNAME = "Joe Laws";
			};
			buildConfigurationList = 429EAC861902C2AD0011B7F7 /* Build configuration list for PBXProject "JLPermissionsExample" */;
			compatibilityVersion = "Xcode 3.2";
			developmentRegion = English;
			hasScannedForEncodings = 0;
			knownRegions = (
				en,
				Base,
			);
			mainGroup = 429EAC821902C2AD0011B7F7;
			productRefGroup = 429EAC8C1902C2AD0011B7F7 /* Products */;
			projectDirPath = "";
			projectRoot = "";
			targets = (
				429EAC8A1902C2AD0011B7F7 /* JLPermissionsExample */,
			);
		};
/* End PBXProject section */

/* Begin PBXResourcesBuildPhase section */
		429EAC891902C2AD0011B7F7 /* Resources */ = {
			isa = PBXResourcesBuildPhase;
			buildActionMask = 2147483647;
			files = (
				6DC8D5021BD28F6F0044FCC3 /* LaunchScreen.xib in Resources */,
				429EACA71902C2AD0011B7F7 /* Images.xcassets in Resources */,
				429EAC991902C2AD0011B7F7 /* InfoPlist.strings in Resources */,
				429EACA21902C2AD0011B7F7 /* Main.storyboard in Resources */,
			);
			runOnlyForDeploymentPostprocessing = 0;
		};
/* End PBXResourcesBuildPhase section */

/* Begin PBXShellScriptBuildPhase section */
		2901774EFB4C4CE5904360FB /* Check Pods Manifest.lock */ = {
			isa = PBXShellScriptBuildPhase;
			buildActionMask = 2147483647;
			files = (
			);
			inputPaths = (
			);
			name = "Check Pods Manifest.lock";
			outputPaths = (
			);
			runOnlyForDeploymentPostprocessing = 0;
			shellPath = /bin/sh;
			shellScript = "diff \"${PODS_ROOT}/../Podfile.lock\" \"${PODS_ROOT}/Manifest.lock\" > /dev/null\nif [[ $? != 0 ]] ; then\n    cat << EOM\nerror: The sandbox is not in sync with the Podfile.lock. Run 'pod install' or update your CocoaPods installation.\nEOM\n    exit 1\nfi\n";
			showEnvVarsInLog = 0;
		};
		2DB5871560E1414391AA331C /* Copy Pods Resources */ = {
			isa = PBXShellScriptBuildPhase;
			buildActionMask = 2147483647;
			files = (
			);
			inputPaths = (
			);
			name = "Copy Pods Resources";
			outputPaths = (
			);
			runOnlyForDeploymentPostprocessing = 0;
			shellPath = /bin/sh;
			shellScript = "\"${SRCROOT}/Pods/Target Support Files/Pods/Pods-resources.sh\"\n";
			showEnvVarsInLog = 0;
		};
		98EBCD27384B0FBDC4932047 /* Embed Pods Frameworks */ = {
			isa = PBXShellScriptBuildPhase;
			buildActionMask = 2147483647;
			files = (
			);
			inputPaths = (
			);
			name = "Embed Pods Frameworks";
			outputPaths = (
			);
			runOnlyForDeploymentPostprocessing = 0;
			shellPath = /bin/sh;
			shellScript = "\"${SRCROOT}/Pods/Target Support Files/Pods/Pods-frameworks.sh\"\n";
			showEnvVarsInLog = 0;
		};
/* End PBXShellScriptBuildPhase section */

/* Begin PBXSourcesBuildPhase section */
		429EAC871902C2AD0011B7F7 /* Sources */ = {
			isa = PBXSourcesBuildPhase;
			buildActionMask = 2147483647;
			files = (
				428A424A1A087339003176D2 /* JLFacebookPermission.m in Sources */,
				428A42531A087379003176D2 /* JLMicrophonePermission.m in Sources */,
				429EAC9F1902C2AD0011B7F7 /* JLAppDelegate.m in Sources */,
				429EACA51902C2AD0011B7F7 /* JLViewController.m in Sources */,
				428A42561A087387003176D2 /* JLNotificationPermission.m in Sources */,
				428A42591A08739B003176D2 /* JLRemindersPermission.m in Sources */,
				42A094371A07B61800A89C04 /* JLContactsPermission.m in Sources */,
				428A425C1A0873AE003176D2 /* JLTwitterPermission.m in Sources */,
				42A0943A1A07C09000A89C04 /* JLPhotosPermission.m in Sources */,
				428A424D1A087346003176D2 /* JLHealthPermission.m in Sources */,
				429EAC9B1902C2AD0011B7F7 /* main.m in Sources */,
				428A42471A087060003176D2 /* JLCalendarPermission.m in Sources */,
				42A094341A07ADA000A89C04 /* JLPermissionsCore.m in Sources */,
				428A42501A087368003176D2 /* JLLocationPermission.m in Sources */,
				42115D561A2DE0260021E795 /* JLCameraPermission.m in Sources */,
			);
			runOnlyForDeploymentPostprocessing = 0;
		};
/* End PBXSourcesBuildPhase section */

/* Begin PBXVariantGroup section */
		429EAC971902C2AD0011B7F7 /* InfoPlist.strings */ = {
			isa = PBXVariantGroup;
			children = (
				429EAC981902C2AD0011B7F7 /* en */,
			);
			name = InfoPlist.strings;
			sourceTree = "<group>";
		};
		429EACA01902C2AD0011B7F7 /* Main.storyboard */ = {
			isa = PBXVariantGroup;
			children = (
				429EACA11902C2AD0011B7F7 /* Base */,
			);
			name = Main.storyboard;
			sourceTree = "<group>";
		};
/* End PBXVariantGroup section */

/* Begin XCBuildConfiguration section */
		429EACBB1902C2AD0011B7F7 /* Debug */ = {
			isa = XCBuildConfiguration;
			buildSettings = {
				ALWAYS_SEARCH_USER_PATHS = NO;
				CLANG_CXX_LANGUAGE_STANDARD = "gnu++0x";
				CLANG_CXX_LIBRARY = "libc++";
				CLANG_ENABLE_MODULES = YES;
				CLANG_ENABLE_OBJC_ARC = YES;
				CLANG_WARN_BOOL_CONVERSION = YES;
				CLANG_WARN_CONSTANT_CONVERSION = YES;
				CLANG_WARN_DIRECT_OBJC_ISA_USAGE = YES_ERROR;
				CLANG_WARN_EMPTY_BODY = YES;
				CLANG_WARN_ENUM_CONVERSION = YES;
				CLANG_WARN_INT_CONVERSION = YES;
				CLANG_WARN_OBJC_ROOT_CLASS = YES_ERROR;
				CLANG_WARN__DUPLICATE_METHOD_MATCH = YES;
				"CODE_SIGN_IDENTITY[sdk=iphoneos*]" = "iPhone Developer";
				COPY_PHASE_STRIP = NO;
				ENABLE_TESTABILITY = YES;
				GCC_C_LANGUAGE_STANDARD = gnu99;
				GCC_DYNAMIC_NO_PIC = NO;
				GCC_OPTIMIZATION_LEVEL = 0;
				GCC_PREPROCESSOR_DEFINITIONS = (
					"DEBUG=1",
					"$(inherited)",
				);
				GCC_SYMBOLS_PRIVATE_EXTERN = NO;
				GCC_WARN_64_TO_32_BIT_CONVERSION = YES;
				GCC_WARN_ABOUT_RETURN_TYPE = YES_ERROR;
				GCC_WARN_UNDECLARED_SELECTOR = YES;
				GCC_WARN_UNINITIALIZED_AUTOS = YES_AGGRESSIVE;
				GCC_WARN_UNUSED_FUNCTION = YES;
				GCC_WARN_UNUSED_VARIABLE = YES;
				IPHONEOS_DEPLOYMENT_TARGET = 7.1;
				ONLY_ACTIVE_ARCH = YES;
				SDKROOT = iphoneos;
			};
			name = Debug;
		};
		429EACBC1902C2AD0011B7F7 /* Release */ = {
			isa = XCBuildConfiguration;
			buildSettings = {
				ALWAYS_SEARCH_USER_PATHS = NO;
				CLANG_CXX_LANGUAGE_STANDARD = "gnu++0x";
				CLANG_CXX_LIBRARY = "libc++";
				CLANG_ENABLE_MODULES = YES;
				CLANG_ENABLE_OBJC_ARC = YES;
				CLANG_WARN_BOOL_CONVERSION = YES;
				CLANG_WARN_CONSTANT_CONVERSION = YES;
				CLANG_WARN_DIRECT_OBJC_ISA_USAGE = YES_ERROR;
				CLANG_WARN_EMPTY_BODY = YES;
				CLANG_WARN_ENUM_CONVERSION = YES;
				CLANG_WARN_INT_CONVERSION = YES;
				CLANG_WARN_OBJC_ROOT_CLASS = YES_ERROR;
				CLANG_WARN__DUPLICATE_METHOD_MATCH = YES;
				"CODE_SIGN_IDENTITY[sdk=iphoneos*]" = "iPhone Developer";
				COPY_PHASE_STRIP = YES;
				ENABLE_NS_ASSERTIONS = NO;
				GCC_C_LANGUAGE_STANDARD = gnu99;
				GCC_WARN_64_TO_32_BIT_CONVERSION = YES;
				GCC_WARN_ABOUT_RETURN_TYPE = YES_ERROR;
				GCC_WARN_UNDECLARED_SELECTOR = YES;
				GCC_WARN_UNINITIALIZED_AUTOS = YES_AGGRESSIVE;
				GCC_WARN_UNUSED_FUNCTION = YES;
				GCC_WARN_UNUSED_VARIABLE = YES;
				IPHONEOS_DEPLOYMENT_TARGET = 7.1;
				SDKROOT = iphoneos;
				VALIDATE_PRODUCT = YES;
			};
			name = Release;
		};
		429EACBE1902C2AD0011B7F7 /* Debug */ = {
			isa = XCBuildConfiguration;
			baseConfigurationReference = F885F455CCBEBA3AA6B06E0F /* Pods.debug.xcconfig */;
			buildSettings = {
				ASSETCATALOG_COMPILER_APPICON_NAME = AppIcon;
				ASSETCATALOG_COMPILER_LAUNCHIMAGE_NAME = LaunchImage;
				GCC_PRECOMPILE_PREFIX_HEADER = YES;
				GCC_PREFIX_HEADER = "JLPermissionsExample/JLPermissionsExample-Prefix.pch";
				INFOPLIST_FILE = "JLPermissionsExample/JLPermissionsExample-Info.plist";
				IPHONEOS_DEPLOYMENT_TARGET = 7.0;
				PRODUCT_BUNDLE_IDENTIFIER = "com.joelaws.${PRODUCT_NAME:rfc1034identifier}";
				PRODUCT_NAME = "$(TARGET_NAME)";
				WRAPPER_EXTENSION = app;
			};
			name = Debug;
		};
		429EACBF1902C2AD0011B7F7 /* Release */ = {
			isa = XCBuildConfiguration;
			baseConfigurationReference = 419A2285821FA23AEB1E58D4 /* Pods.release.xcconfig */;
			buildSettings = {
				ASSETCATALOG_COMPILER_APPICON_NAME = AppIcon;
				ASSETCATALOG_COMPILER_LAUNCHIMAGE_NAME = LaunchImage;
				GCC_PRECOMPILE_PREFIX_HEADER = YES;
				GCC_PREFIX_HEADER = "JLPermissionsExample/JLPermissionsExample-Prefix.pch";
				INFOPLIST_FILE = "JLPermissionsExample/JLPermissionsExample-Info.plist";
				IPHONEOS_DEPLOYMENT_TARGET = 7.0;
				PRODUCT_BUNDLE_IDENTIFIER = "com.joelaws.${PRODUCT_NAME:rfc1034identifier}";
				PRODUCT_NAME = "$(TARGET_NAME)";
				WRAPPER_EXTENSION = app;
			};
			name = Release;
		};
/* End XCBuildConfiguration section */

/* Begin XCConfigurationList section */
		429EAC861902C2AD0011B7F7 /* Build configuration list for PBXProject "JLPermissionsExample" */ = {
			isa = XCConfigurationList;
			buildConfigurations = (
				429EACBB1902C2AD0011B7F7 /* Debug */,
				429EACBC1902C2AD0011B7F7 /* Release */,
			);
			defaultConfigurationIsVisible = 0;
			defaultConfigurationName = Release;
		};
		429EACBD1902C2AD0011B7F7 /* Build configuration list for PBXNativeTarget "JLPermissionsExample" */ = {
			isa = XCConfigurationList;
			buildConfigurations = (
				429EACBE1902C2AD0011B7F7 /* Debug */,
				429EACBF1902C2AD0011B7F7 /* Release */,
			);
			defaultConfigurationIsVisible = 0;
			defaultConfigurationName = Release;
		};
/* End XCConfigurationList section */
	};
	rootObject = 429EAC831902C2AD0011B7F7 /* Project object */;
}
